// !$*UTF8*$!
{
	archiveVersion = 1;
	classes = {
	};
	objectVersion = 50;
	objects = {

/* Begin PBXBuildFile section */
		10105ECF272851D100B9B1F2 /* BigButtonVariant.swift in Sources */ = {isa = PBXBuildFile; fileRef = 10105ECE272851D100B9B1F2 /* BigButtonVariant.swift */; };
		10105ED3272869E400B9B1F2 /* ModalAddItemView.swift in Sources */ = {isa = PBXBuildFile; fileRef = 10105ED2272869E400B9B1F2 /* ModalAddItemView.swift */; };
		108A75AC27442DD900E5993A /* ModalOrder.swift in Sources */ = {isa = PBXBuildFile; fileRef = 108A75AB27442DD900E5993A /* ModalOrder.swift */; };
		108A75AE2744318900E5993A /* OrderCollectionCell.swift in Sources */ = {isa = PBXBuildFile; fileRef = 108A75AD2744318900E5993A /* OrderCollectionCell.swift */; };
		10ADC1482746D2120090601E /* Cardapio.swift in Sources */ = {isa = PBXBuildFile; fileRef = 10ADC1472746D2120090601E /* Cardapio.swift */; };
		10B412A1274584F0001FE57C /* ApiRequest.swift in Sources */ = {isa = PBXBuildFile; fileRef = 10B412A0274584F0001FE57C /* ApiRequest.swift */; };
		BD284915271B9DB600A8FD46 /* FoundationExtension.swift in Sources */ = {isa = PBXBuildFile; fileRef = BD284914271B9DB600A8FD46 /* FoundationExtension.swift */; };
		BD2FF1502720EFC400768CEE /* BigButton.swift in Sources */ = {isa = PBXBuildFile; fileRef = BD2FF14F2720EFC400768CEE /* BigButton.swift */; };
		BD3050662722347500A0E0EA /* NewOrderView.swift in Sources */ = {isa = PBXBuildFile; fileRef = BD3050652722347500A0E0EA /* NewOrderView.swift */; };
		BD30506A2723772500A0E0EA /* TabMenu.swift in Sources */ = {isa = PBXBuildFile; fileRef = BD3050692723772500A0E0EA /* TabMenu.swift */; };
		BD30506C27264E4700A0E0EA /* NewOrderCollectionView.swift in Sources */ = {isa = PBXBuildFile; fileRef = BD30506B27264E4700A0E0EA /* NewOrderCollectionView.swift */; };
		BD30506E27264E7A00A0E0EA /* ItemJSON.swift in Sources */ = {isa = PBXBuildFile; fileRef = BD30506D27264E7A00A0E0EA /* ItemJSON.swift */; };
		BD3050702728D67200A0E0EA /* CategoryJSON.swift in Sources */ = {isa = PBXBuildFile; fileRef = BD30506F2728D67200A0E0EA /* CategoryJSON.swift */; };
		BD3050722728D6EE00A0E0EA /* SubcategoriesJSON.swift in Sources */ = {isa = PBXBuildFile; fileRef = BD3050712728D6EE00A0E0EA /* SubcategoriesJSON.swift */; };
		BD3050742728D74F00A0E0EA /* DebugHelper.swift in Sources */ = {isa = PBXBuildFile; fileRef = BD3050732728D74F00A0E0EA /* DebugHelper.swift */; };
		BD30507627319EF600A0E0EA /* CustomTabBar.swift in Sources */ = {isa = PBXBuildFile; fileRef = BD30507527319EF500A0E0EA /* CustomTabBar.swift */; };
		BD3050792731A71200A0E0EA /* TabCurve.swift in Sources */ = {isa = PBXBuildFile; fileRef = BD3050782731A71200A0E0EA /* TabCurve.swift */; };
		BD30507B2731F59900A0E0EA /* HomeView.swift in Sources */ = {isa = PBXBuildFile; fileRef = BD30507A2731F59900A0E0EA /* HomeView.swift */; };
		BD3050822732172800A0E0EA /* NavBar.swift in Sources */ = {isa = PBXBuildFile; fileRef = BD3050812732172800A0E0EA /* NavBar.swift */; };
		BD3050842732176500A0E0EA /* SearchBar.swift in Sources */ = {isa = PBXBuildFile; fileRef = BD3050832732176500A0E0EA /* SearchBar.swift */; };
		BD305088273217F600A0E0EA /* FinishedOrders.swift in Sources */ = {isa = PBXBuildFile; fileRef = BD305087273217F600A0E0EA /* FinishedOrders.swift */; };
		BD30508A2733465E00A0E0EA /* FinishedOrdersCollectionView.swift in Sources */ = {isa = PBXBuildFile; fileRef = BD3050892733465E00A0E0EA /* FinishedOrdersCollectionView.swift */; };
		BD30508C273346B100A0E0EA /* FinishedDatesJSON.swift in Sources */ = {isa = PBXBuildFile; fileRef = BD30508B273346B100A0E0EA /* FinishedDatesJSON.swift */; };
		BD3050912735C17500A0E0EA /* MenuView.swift in Sources */ = {isa = PBXBuildFile; fileRef = BD3050902735C17500A0E0EA /* MenuView.swift */; };
		BD3050932735C29E00A0E0EA /* MenuCollectionView.swift in Sources */ = {isa = PBXBuildFile; fileRef = BD3050922735C29E00A0E0EA /* MenuCollectionView.swift */; };
		BDAFEEAC270FAA850000CE8C /* AsMeninasDoLago_OrdersOrganizerApp.swift in Sources */ = {isa = PBXBuildFile; fileRef = BDAFEEAB270FAA850000CE8C /* AsMeninasDoLago_OrdersOrganizerApp.swift */; };
		BDAFEEAE270FAA850000CE8C /* ContentView.swift in Sources */ = {isa = PBXBuildFile; fileRef = BDAFEEAD270FAA850000CE8C /* ContentView.swift */; };
		BDAFEEB0270FAA850000CE8C /* Assets.xcassets in Resources */ = {isa = PBXBuildFile; fileRef = BDAFEEAF270FAA850000CE8C /* Assets.xcassets */; };
		BDAFEEB3270FAA850000CE8C /* Preview Assets.xcassets in Resources */ = {isa = PBXBuildFile; fileRef = BDAFEEB2270FAA850000CE8C /* Preview Assets.xcassets */; };
		BDAFEEC32717AFFB0000CE8C /* ColorExtension.swift in Sources */ = {isa = PBXBuildFile; fileRef = BDAFEEC22717AFFB0000CE8C /* ColorExtension.swift */; };
		BDAFEEC5271B93E30000CE8C /* OrderJSON.swift in Sources */ = {isa = PBXBuildFile; fileRef = BDAFEEC4271B93E30000CE8C /* OrderJSON.swift */; };
		BDC2D939273F7647006EFCEE /* HomeOrdersCollectionView.swift in Sources */ = {isa = PBXBuildFile; fileRef = BDAFEEBD270FAE140000CE8C /* HomeOrdersCollectionView.swift */; };
		BDC2D93A273F7647006EFCEE /* ModalDetailsView.swift in Sources */ = {isa = PBXBuildFile; fileRef = 105969622719DED700510399 /* ModalDetailsView.swift */; };
		BDC2D93C273F76D2006EFCEE /* ModalFinishedOrderDetailsView.swift in Sources */ = {isa = PBXBuildFile; fileRef = BDC2D93B273F76D2006EFCEE /* ModalFinishedOrderDetailsView.swift */; };
		BDC2D93E27401BA6006EFCEE /* ModalMenuItem.swift in Sources */ = {isa = PBXBuildFile; fileRef = BDC2D93D27401BA6006EFCEE /* ModalMenuItem.swift */; };
		BDC2D94027401F33006EFCEE /* NameTextField.swift in Sources */ = {isa = PBXBuildFile; fileRef = BDC2D93F27401F33006EFCEE /* NameTextField.swift */; };
		BDC2D94227406A97006EFCEE /* CustomStepper.swift in Sources */ = {isa = PBXBuildFile; fileRef = BDC2D94127406A97006EFCEE /* CustomStepper.swift */; };
		BDC2D9442741E38B006EFCEE /* Subcategories.swift in Sources */ = {isa = PBXBuildFile; fileRef = BDC2D9432741E38B006EFCEE /* Subcategories.swift */; };
		BDE2978E2747033A00E3A7CA /* Launch Screen.storyboard in Resources */ = {isa = PBXBuildFile; fileRef = BDE2978D2747033A00E3A7CA /* Launch Screen.storyboard */; };
		BDE297902748739800E3A7CA /* CardapioTransform.swift in Sources */ = {isa = PBXBuildFile; fileRef = BDE2978F2748739800E3A7CA /* CardapioTransform.swift */; };
		BDE29793274875E500E3A7CA /* BebidasTransform.swift in Sources */ = {isa = PBXBuildFile; fileRef = BDE29792274875E500E3A7CA /* BebidasTransform.swift */; };
		BDE2979527487DFB00E3A7CA /* CaldosTransform.swift in Sources */ = {isa = PBXBuildFile; fileRef = BDE2979427487DFB00E3A7CA /* CaldosTransform.swift */; };
		BDE2979727487F8D00E3A7CA /* EscondidinhosTransform.swift in Sources */ = {isa = PBXBuildFile; fileRef = BDE2979627487F8D00E3A7CA /* EscondidinhosTransform.swift */; };
		BDE297992748804600E3A7CA /* LanchesTransform.swift in Sources */ = {isa = PBXBuildFile; fileRef = BDE297982748804600E3A7CA /* LanchesTransform.swift */; };
		BDE2979B2748854E00E3A7CA /* PorcoesTransform.swift in Sources */ = {isa = PBXBuildFile; fileRef = BDE2979A2748854E00E3A7CA /* PorcoesTransform.swift */; };
		BDE2979D2748869300E3A7CA /* SalgadosTransform.swift in Sources */ = {isa = PBXBuildFile; fileRef = BDE2979C2748869300E3A7CA /* SalgadosTransform.swift */; };
		BDE2979F2748880300E3A7CA /* TapiocasTransform.swift in Sources */ = {isa = PBXBuildFile; fileRef = BDE2979E2748880300E3A7CA /* TapiocasTransform.swift */; };
/* End PBXBuildFile section */

/* Begin PBXFileReference section */
		10105ECE272851D100B9B1F2 /* BigButtonVariant.swift */ = {isa = PBXFileReference; lastKnownFileType = sourcecode.swift; path = BigButtonVariant.swift; sourceTree = "<group>"; };
		10105ED2272869E400B9B1F2 /* ModalAddItemView.swift */ = {isa = PBXFileReference; lastKnownFileType = sourcecode.swift; path = ModalAddItemView.swift; sourceTree = "<group>"; };
		105969622719DED700510399 /* ModalDetailsView.swift */ = {isa = PBXFileReference; lastKnownFileType = sourcecode.swift; path = ModalDetailsView.swift; sourceTree = "<group>"; };
		108A75AB27442DD900E5993A /* ModalOrder.swift */ = {isa = PBXFileReference; fileEncoding = 4; lastKnownFileType = sourcecode.swift; path = ModalOrder.swift; sourceTree = "<group>"; };
		108A75AD2744318900E5993A /* OrderCollectionCell.swift */ = {isa = PBXFileReference; lastKnownFileType = sourcecode.swift; path = OrderCollectionCell.swift; sourceTree = "<group>"; };
		10ADC1472746D2120090601E /* Cardapio.swift */ = {isa = PBXFileReference; lastKnownFileType = sourcecode.swift; path = Cardapio.swift; sourceTree = "<group>"; };
		10B412A0274584F0001FE57C /* ApiRequest.swift */ = {isa = PBXFileReference; lastKnownFileType = sourcecode.swift; path = ApiRequest.swift; sourceTree = "<group>"; };
		BD284914271B9DB600A8FD46 /* FoundationExtension.swift */ = {isa = PBXFileReference; lastKnownFileType = sourcecode.swift; path = FoundationExtension.swift; sourceTree = "<group>"; };
		BD2FF14F2720EFC400768CEE /* BigButton.swift */ = {isa = PBXFileReference; lastKnownFileType = sourcecode.swift; path = BigButton.swift; sourceTree = "<group>"; };
		BD3050652722347500A0E0EA /* NewOrderView.swift */ = {isa = PBXFileReference; lastKnownFileType = sourcecode.swift; path = NewOrderView.swift; sourceTree = "<group>"; };
		BD3050692723772500A0E0EA /* TabMenu.swift */ = {isa = PBXFileReference; lastKnownFileType = sourcecode.swift; path = TabMenu.swift; sourceTree = "<group>"; };
		BD30506B27264E4700A0E0EA /* NewOrderCollectionView.swift */ = {isa = PBXFileReference; lastKnownFileType = sourcecode.swift; path = NewOrderCollectionView.swift; sourceTree = "<group>"; };
		BD30506D27264E7A00A0E0EA /* ItemJSON.swift */ = {isa = PBXFileReference; lastKnownFileType = sourcecode.swift; path = ItemJSON.swift; sourceTree = "<group>"; };
		BD30506F2728D67200A0E0EA /* CategoryJSON.swift */ = {isa = PBXFileReference; lastKnownFileType = sourcecode.swift; path = CategoryJSON.swift; sourceTree = "<group>"; };
		BD3050712728D6EE00A0E0EA /* SubcategoriesJSON.swift */ = {isa = PBXFileReference; lastKnownFileType = sourcecode.swift; path = SubcategoriesJSON.swift; sourceTree = "<group>"; };
		BD3050732728D74F00A0E0EA /* DebugHelper.swift */ = {isa = PBXFileReference; lastKnownFileType = sourcecode.swift; path = DebugHelper.swift; sourceTree = "<group>"; };
		BD30507527319EF500A0E0EA /* CustomTabBar.swift */ = {isa = PBXFileReference; lastKnownFileType = sourcecode.swift; path = CustomTabBar.swift; sourceTree = "<group>"; };
		BD3050782731A71200A0E0EA /* TabCurve.swift */ = {isa = PBXFileReference; lastKnownFileType = sourcecode.swift; path = TabCurve.swift; sourceTree = "<group>"; };
		BD30507A2731F59900A0E0EA /* HomeView.swift */ = {isa = PBXFileReference; lastKnownFileType = sourcecode.swift; path = HomeView.swift; sourceTree = "<group>"; };
		BD3050812732172800A0E0EA /* NavBar.swift */ = {isa = PBXFileReference; lastKnownFileType = sourcecode.swift; path = NavBar.swift; sourceTree = "<group>"; };
		BD3050832732176500A0E0EA /* SearchBar.swift */ = {isa = PBXFileReference; lastKnownFileType = sourcecode.swift; path = SearchBar.swift; sourceTree = "<group>"; };
		BD305087273217F600A0E0EA /* FinishedOrders.swift */ = {isa = PBXFileReference; lastKnownFileType = sourcecode.swift; path = FinishedOrders.swift; sourceTree = "<group>"; };
		BD3050892733465E00A0E0EA /* FinishedOrdersCollectionView.swift */ = {isa = PBXFileReference; lastKnownFileType = sourcecode.swift; path = FinishedOrdersCollectionView.swift; sourceTree = "<group>"; };
		BD30508B273346B100A0E0EA /* FinishedDatesJSON.swift */ = {isa = PBXFileReference; lastKnownFileType = sourcecode.swift; path = FinishedDatesJSON.swift; sourceTree = "<group>"; };
		BD3050902735C17500A0E0EA /* MenuView.swift */ = {isa = PBXFileReference; lastKnownFileType = sourcecode.swift; path = MenuView.swift; sourceTree = "<group>"; };
		BD3050922735C29E00A0E0EA /* MenuCollectionView.swift */ = {isa = PBXFileReference; lastKnownFileType = sourcecode.swift; path = MenuCollectionView.swift; sourceTree = "<group>"; };
		BDAFEEA8270FAA850000CE8C /* AsMeninasDoLago.app */ = {isa = PBXFileReference; explicitFileType = wrapper.application; includeInIndex = 0; path = AsMeninasDoLago.app; sourceTree = BUILT_PRODUCTS_DIR; };
		BDAFEEAB270FAA850000CE8C /* AsMeninasDoLago_OrdersOrganizerApp.swift */ = {isa = PBXFileReference; lastKnownFileType = sourcecode.swift; path = AsMeninasDoLago_OrdersOrganizerApp.swift; sourceTree = "<group>"; };
		BDAFEEAD270FAA850000CE8C /* ContentView.swift */ = {isa = PBXFileReference; lastKnownFileType = sourcecode.swift; path = ContentView.swift; sourceTree = "<group>"; };
		BDAFEEAF270FAA850000CE8C /* Assets.xcassets */ = {isa = PBXFileReference; lastKnownFileType = folder.assetcatalog; path = Assets.xcassets; sourceTree = "<group>"; };
		BDAFEEB2270FAA850000CE8C /* Preview Assets.xcassets */ = {isa = PBXFileReference; lastKnownFileType = folder.assetcatalog; path = "Preview Assets.xcassets"; sourceTree = "<group>"; };
		BDAFEEB4270FAA850000CE8C /* Info.plist */ = {isa = PBXFileReference; lastKnownFileType = text.plist.xml; path = Info.plist; sourceTree = "<group>"; };
		BDAFEEBD270FAE140000CE8C /* HomeOrdersCollectionView.swift */ = {isa = PBXFileReference; lastKnownFileType = sourcecode.swift; path = HomeOrdersCollectionView.swift; sourceTree = "<group>"; };
		BDAFEEC22717AFFB0000CE8C /* ColorExtension.swift */ = {isa = PBXFileReference; lastKnownFileType = sourcecode.swift; path = ColorExtension.swift; sourceTree = "<group>"; };
		BDAFEEC4271B93E30000CE8C /* OrderJSON.swift */ = {isa = PBXFileReference; lastKnownFileType = sourcecode.swift; path = OrderJSON.swift; sourceTree = "<group>"; };
		BDC2D93B273F76D2006EFCEE /* ModalFinishedOrderDetailsView.swift */ = {isa = PBXFileReference; lastKnownFileType = sourcecode.swift; path = ModalFinishedOrderDetailsView.swift; sourceTree = "<group>"; };
		BDC2D93D27401BA6006EFCEE /* ModalMenuItem.swift */ = {isa = PBXFileReference; lastKnownFileType = sourcecode.swift; path = ModalMenuItem.swift; sourceTree = "<group>"; };
		BDC2D93F27401F33006EFCEE /* NameTextField.swift */ = {isa = PBXFileReference; lastKnownFileType = sourcecode.swift; path = NameTextField.swift; sourceTree = "<group>"; };
		BDC2D94127406A97006EFCEE /* CustomStepper.swift */ = {isa = PBXFileReference; lastKnownFileType = sourcecode.swift; path = CustomStepper.swift; sourceTree = "<group>"; };
		BDC2D9432741E38B006EFCEE /* Subcategories.swift */ = {isa = PBXFileReference; lastKnownFileType = sourcecode.swift; path = Subcategories.swift; sourceTree = "<group>"; };
		BDE2978D2747033A00E3A7CA /* Launch Screen.storyboard */ = {isa = PBXFileReference; lastKnownFileType = file.storyboard; path = "Launch Screen.storyboard"; sourceTree = "<group>"; };
		BDE2978F2748739800E3A7CA /* CardapioTransform.swift */ = {isa = PBXFileReference; lastKnownFileType = sourcecode.swift; path = CardapioTransform.swift; sourceTree = "<group>"; };
		BDE29792274875E500E3A7CA /* BebidasTransform.swift */ = {isa = PBXFileReference; lastKnownFileType = sourcecode.swift; path = BebidasTransform.swift; sourceTree = "<group>"; };
		BDE2979427487DFB00E3A7CA /* CaldosTransform.swift */ = {isa = PBXFileReference; lastKnownFileType = sourcecode.swift; path = CaldosTransform.swift; sourceTree = "<group>"; };
		BDE2979627487F8D00E3A7CA /* EscondidinhosTransform.swift */ = {isa = PBXFileReference; lastKnownFileType = sourcecode.swift; path = EscondidinhosTransform.swift; sourceTree = "<group>"; };
		BDE297982748804600E3A7CA /* LanchesTransform.swift */ = {isa = PBXFileReference; lastKnownFileType = sourcecode.swift; path = LanchesTransform.swift; sourceTree = "<group>"; };
		BDE2979A2748854E00E3A7CA /* PorcoesTransform.swift */ = {isa = PBXFileReference; lastKnownFileType = sourcecode.swift; path = PorcoesTransform.swift; sourceTree = "<group>"; };
		BDE2979C2748869300E3A7CA /* SalgadosTransform.swift */ = {isa = PBXFileReference; lastKnownFileType = sourcecode.swift; path = SalgadosTransform.swift; sourceTree = "<group>"; };
		BDE2979E2748880300E3A7CA /* TapiocasTransform.swift */ = {isa = PBXFileReference; lastKnownFileType = sourcecode.swift; path = TapiocasTransform.swift; sourceTree = "<group>"; };
/* End PBXFileReference section */

/* Begin PBXFrameworksBuildPhase section */
		BDAFEEA5270FAA850000CE8C /* Frameworks */ = {
			isa = PBXFrameworksBuildPhase;
			buildActionMask = 2147483647;
			files = (
			);
			runOnlyForDeploymentPostprocessing = 0;
		};
/* End PBXFrameworksBuildPhase section */

/* Begin PBXGroup section */
		BD3050642722344100A0E0EA /* NewOrder */ = {
			isa = PBXGroup;
			children = (
				BD3050652722347500A0E0EA /* NewOrderView.swift */,
				BD30506B27264E4700A0E0EA /* NewOrderCollectionView.swift */,
				10105ED2272869E400B9B1F2 /* ModalAddItemView.swift */,
			);
			path = NewOrder;
			sourceTree = "<group>";
		};
		BD3050772731A70100A0E0EA /* TabBar */ = {
			isa = PBXGroup;
			children = (
				BD30507527319EF500A0E0EA /* CustomTabBar.swift */,
				BD3050782731A71200A0E0EA /* TabCurve.swift */,
			);
			path = TabBar;
			sourceTree = "<group>";
		};
		BD3050852732177F00A0E0EA /* BigButton */ = {
			isa = PBXGroup;
			children = (
				BD2FF14F2720EFC400768CEE /* BigButton.swift */,
				10105ECE272851D100B9B1F2 /* BigButtonVariant.swift */,
			);
			path = BigButton;
			sourceTree = "<group>";
		};
		BD305086273217B400A0E0EA /* FinishedOrders */ = {
			isa = PBXGroup;
			children = (
				BD305087273217F600A0E0EA /* FinishedOrders.swift */,
				BD3050892733465E00A0E0EA /* FinishedOrdersCollectionView.swift */,
				BDC2D93B273F76D2006EFCEE /* ModalFinishedOrderDetailsView.swift */,
			);
			path = FinishedOrders;
			sourceTree = "<group>";
		};
		BD30508D2735C14800A0E0EA /* Menu */ = {
			isa = PBXGroup;
			children = (
				BD3050902735C17500A0E0EA /* MenuView.swift */,
				BD3050922735C29E00A0E0EA /* MenuCollectionView.swift */,
				BDC2D93D27401BA6006EFCEE /* ModalMenuItem.swift */,
			);
			path = Menu;
			sourceTree = "<group>";
		};
		BDAFEE9F270FAA840000CE8C = {
			isa = PBXGroup;
			children = (
				BDAFEEAA270FAA850000CE8C /* AsMeninasDoLago_OrdersOrganizer */,
				BDAFEEA9270FAA850000CE8C /* Products */,
			);
			sourceTree = "<group>";
		};
		BDAFEEA9270FAA850000CE8C /* Products */ = {
			isa = PBXGroup;
			children = (
				BDAFEEA8270FAA850000CE8C /* AsMeninasDoLago.app */,
			);
			name = Products;
			sourceTree = "<group>";
		};
		BDAFEEAA270FAA850000CE8C /* AsMeninasDoLago_OrdersOrganizer */ = {
			isa = PBXGroup;
			children = (
				108A75AB27442DD900E5993A /* ModalOrder.swift */,
				108A75AD2744318900E5993A /* OrderCollectionCell.swift */,
				BDAFEEAB270FAA850000CE8C /* AsMeninasDoLago_OrdersOrganizerApp.swift */,
				BDAFEEBC270FAD6E0000CE8C /* Views-Coordinator */,
				BDAFEEBB270FAD650000CE8C /* ViewModel */,
				BDAFEEBA270FAD360000CE8C /* Views-Components */,
				BDAFEEAF270FAA850000CE8C /* Assets.xcassets */,
				BDAFEEB4270FAA850000CE8C /* Info.plist */,
				BDAFEEB1270FAA850000CE8C /* Preview Content */,
				BDE2978D2747033A00E3A7CA /* Launch Screen.storyboard */,
			);
			path = AsMeninasDoLago_OrdersOrganizer;
			sourceTree = "<group>";
		};
		BDAFEEB1270FAA850000CE8C /* Preview Content */ = {
			isa = PBXGroup;
			children = (
				BDAFEEB2270FAA850000CE8C /* Preview Assets.xcassets */,
			);
			path = "Preview Content";
			sourceTree = "<group>";
		};
		BDAFEEBA270FAD360000CE8C /* Views-Components */ = {
			isa = PBXGroup;
			children = (
				BD3050692723772500A0E0EA /* TabMenu.swift */,
				BD3050852732177F00A0E0EA /* BigButton */,
				BD3050812732172800A0E0EA /* NavBar.swift */,
				BD3050832732176500A0E0EA /* SearchBar.swift */,
				BD3050772731A70100A0E0EA /* TabBar */,
				BDC2D93F27401F33006EFCEE /* NameTextField.swift */,
				BDC2D94127406A97006EFCEE /* CustomStepper.swift */,
			);
			path = "Views-Components";
			sourceTree = "<group>";
		};
		BDAFEEBB270FAD650000CE8C /* ViewModel */ = {
			isa = PBXGroup;
			children = (
				BDE29791274875C200E3A7CA /* Tranforms */,
				BDAFEEC22717AFFB0000CE8C /* ColorExtension.swift */,
				BDAFEEC4271B93E30000CE8C /* OrderJSON.swift */,
				BD284914271B9DB600A8FD46 /* FoundationExtension.swift */,
				BD30506D27264E7A00A0E0EA /* ItemJSON.swift */,
				BD30506F2728D67200A0E0EA /* CategoryJSON.swift */,
				BD3050712728D6EE00A0E0EA /* SubcategoriesJSON.swift */,
				BD3050732728D74F00A0E0EA /* DebugHelper.swift */,
				BD30508B273346B100A0E0EA /* FinishedDatesJSON.swift */,
				BDC2D9432741E38B006EFCEE /* Subcategories.swift */,
				10B412A0274584F0001FE57C /* ApiRequest.swift */,
				10ADC1472746D2120090601E /* Cardapio.swift */,
			);
			path = ViewModel;
			sourceTree = "<group>";
		};
		BDAFEEBC270FAD6E0000CE8C /* Views-Coordinator */ = {
			isa = PBXGroup;
			children = (
				BDAFEEAD270FAA850000CE8C /* ContentView.swift */,
				BDAFEEC6271B958B0000CE8C /* Home */,
				BD3050642722344100A0E0EA /* NewOrder */,
				BD305086273217B400A0E0EA /* FinishedOrders */,
				BD30508D2735C14800A0E0EA /* Menu */,
			);
			path = "Views-Coordinator";
			sourceTree = "<group>";
		};
		BDAFEEC6271B958B0000CE8C /* Home */ = {
			isa = PBXGroup;
			children = (
				BD30507A2731F59900A0E0EA /* HomeView.swift */,
				BDAFEEBD270FAE140000CE8C /* HomeOrdersCollectionView.swift */,
				105969622719DED700510399 /* ModalDetailsView.swift */,
			);
			path = Home;
			sourceTree = "<group>";
		};
		BDE29791274875C200E3A7CA /* Tranforms */ = {
			isa = PBXGroup;
			children = (
				BDE2978F2748739800E3A7CA /* CardapioTransform.swift */,
				BDE29792274875E500E3A7CA /* BebidasTransform.swift */,
				BDE2979427487DFB00E3A7CA /* CaldosTransform.swift */,
				BDE2979627487F8D00E3A7CA /* EscondidinhosTransform.swift */,
				BDE297982748804600E3A7CA /* LanchesTransform.swift */,
				BDE2979A2748854E00E3A7CA /* PorcoesTransform.swift */,
				BDE2979C2748869300E3A7CA /* SalgadosTransform.swift */,
				BDE2979E2748880300E3A7CA /* TapiocasTransform.swift */,
			);
			path = Tranforms;
			sourceTree = "<group>";
		};
/* End PBXGroup section */

/* Begin PBXNativeTarget section */
		BDAFEEA7270FAA850000CE8C /* AsMeninasDoLago */ = {
			isa = PBXNativeTarget;
			buildConfigurationList = BDAFEEB7270FAA850000CE8C /* Build configuration list for PBXNativeTarget "AsMeninasDoLago" */;
			buildPhases = (
				BDAFEEA4270FAA850000CE8C /* Sources */,
				BDAFEEA5270FAA850000CE8C /* Frameworks */,
				BDAFEEA6270FAA850000CE8C /* Resources */,
			);
			buildRules = (
			);
			dependencies = (
			);
			name = AsMeninasDoLago;
			productName = AsMeninasDoLago_OrdersOrganizer;
			productReference = BDAFEEA8270FAA850000CE8C /* AsMeninasDoLago.app */;
			productType = "com.apple.product-type.application";
		};
/* End PBXNativeTarget section */

/* Begin PBXProject section */
		BDAFEEA0270FAA840000CE8C /* Project object */ = {
			isa = PBXProject;
			attributes = {
				LastSwiftUpdateCheck = 1250;
				LastUpgradeCheck = 1250;
				TargetAttributes = {
					BDAFEEA7270FAA850000CE8C = {
						CreatedOnToolsVersion = 12.5.1;
					};
				};
			};
			buildConfigurationList = BDAFEEA3270FAA840000CE8C /* Build configuration list for PBXProject "AsMeninasDoLago_OrdersOrganizer" */;
			compatibilityVersion = "Xcode 9.3";
			developmentRegion = en;
			hasScannedForEncodings = 0;
			knownRegions = (
				en,
				Base,
			);
			mainGroup = BDAFEE9F270FAA840000CE8C;
			productRefGroup = BDAFEEA9270FAA850000CE8C /* Products */;
			projectDirPath = "";
			projectRoot = "";
			targets = (
				BDAFEEA7270FAA850000CE8C /* AsMeninasDoLago */,
			);
		};
/* End PBXProject section */

/* Begin PBXResourcesBuildPhase section */
		BDAFEEA6270FAA850000CE8C /* Resources */ = {
			isa = PBXResourcesBuildPhase;
			buildActionMask = 2147483647;
			files = (
				BDE2978E2747033A00E3A7CA /* Launch Screen.storyboard in Resources */,
				BDAFEEB3270FAA850000CE8C /* Preview Assets.xcassets in Resources */,
				BDAFEEB0270FAA850000CE8C /* Assets.xcassets in Resources */,
			);
			runOnlyForDeploymentPostprocessing = 0;
		};
/* End PBXResourcesBuildPhase section */

/* Begin PBXSourcesBuildPhase section */
		BDAFEEA4270FAA850000CE8C /* Sources */ = {
			isa = PBXSourcesBuildPhase;
			buildActionMask = 2147483647;
			files = (
				108A75AC27442DD900E5993A /* ModalOrder.swift in Sources */,
				BDC2D939273F7647006EFCEE /* HomeOrdersCollectionView.swift in Sources */,
				BDE2979527487DFB00E3A7CA /* CaldosTransform.swift in Sources */,
				BDE2979727487F8D00E3A7CA /* EscondidinhosTransform.swift in Sources */,
				BDE297902748739800E3A7CA /* CardapioTransform.swift in Sources */,
				BDC2D93E27401BA6006EFCEE /* ModalMenuItem.swift in Sources */,
				BDC2D939273F7647006EFCEE /* HomeOrdersCollectionView.swift in Sources */,
				BDC2D93E27401BA6006EFCEE /* ModalMenuItem.swift in Sources */,
				BDC2D93A273F7647006EFCEE /* ModalDetailsView.swift in Sources */,
				BDE29793274875E500E3A7CA /* BebidasTransform.swift in Sources */,
				10105ED3272869E400B9B1F2 /* ModalAddItemView.swift in Sources */,
				BDE2979D2748869300E3A7CA /* SalgadosTransform.swift in Sources */,
				BD284915271B9DB600A8FD46 /* FoundationExtension.swift in Sources */,
				108A75AE2744318900E5993A /* OrderCollectionCell.swift in Sources */,
				BDAFEEAE270FAA850000CE8C /* ContentView.swift in Sources */,
				BD30508C273346B100A0E0EA /* FinishedDatesJSON.swift in Sources */,
				BD3050792731A71200A0E0EA /* TabCurve.swift in Sources */,
				BD3050742728D74F00A0E0EA /* DebugHelper.swift in Sources */,
				BD3050842732176500A0E0EA /* SearchBar.swift in Sources */,
				BD3050702728D67200A0E0EA /* CategoryJSON.swift in Sources */,
				BDC2D94227406A97006EFCEE /* CustomStepper.swift in Sources */,
				BDE2979B2748854E00E3A7CA /* PorcoesTransform.swift in Sources */,
				BD305088273217F600A0E0EA /* FinishedOrders.swift in Sources */,
				BD3050722728D6EE00A0E0EA /* SubcategoriesJSON.swift in Sources */,
				10105ECF272851D100B9B1F2 /* BigButtonVariant.swift in Sources */,
				BDAFEEAC270FAA850000CE8C /* AsMeninasDoLago_OrdersOrganizerApp.swift in Sources */,
				BD3050912735C17500A0E0EA /* MenuView.swift in Sources */,
				BD30506C27264E4700A0E0EA /* NewOrderCollectionView.swift in Sources */,
				BDAFEEC5271B93E30000CE8C /* OrderJSON.swift in Sources */,
				10B412A1274584F0001FE57C /* ApiRequest.swift in Sources */,
				BD2FF1502720EFC400768CEE /* BigButton.swift in Sources */,
				BD3050822732172800A0E0EA /* NavBar.swift in Sources */,
				BD30507627319EF600A0E0EA /* CustomTabBar.swift in Sources */,
				BDC2D9442741E38B006EFCEE /* Subcategories.swift in Sources */,
				BDC2D94027401F33006EFCEE /* NameTextField.swift in Sources */,
				BD30506A2723772500A0E0EA /* TabMenu.swift in Sources */,
				BDE297992748804600E3A7CA /* LanchesTransform.swift in Sources */,
				BD30508A2733465E00A0E0EA /* FinishedOrdersCollectionView.swift in Sources */,
				10ADC1482746D2120090601E /* Cardapio.swift in Sources */,
				BD3050932735C29E00A0E0EA /* MenuCollectionView.swift in Sources */,
				BDC2D93C273F76D2006EFCEE /* ModalFinishedOrderDetailsView.swift in Sources */,
				BD3050662722347500A0E0EA /* NewOrderView.swift in Sources */,
				BDE2979F2748880300E3A7CA /* TapiocasTransform.swift in Sources */,
				BD30506E27264E7A00A0E0EA /* ItemJSON.swift in Sources */,
				BD30507B2731F59900A0E0EA /* HomeView.swift in Sources */,
				BDAFEEC32717AFFB0000CE8C /* ColorExtension.swift in Sources */,
			);
			runOnlyForDeploymentPostprocessing = 0;
		};
/* End PBXSourcesBuildPhase section */

/* Begin XCBuildConfiguration section */
		BDAFEEB5270FAA850000CE8C /* Debug */ = {
			isa = XCBuildConfiguration;
			buildSettings = {
				ALWAYS_SEARCH_USER_PATHS = NO;
				CLANG_ANALYZER_NONNULL = YES;
				CLANG_ANALYZER_NUMBER_OBJECT_CONVERSION = YES_AGGRESSIVE;
				CLANG_CXX_LANGUAGE_STANDARD = "gnu++14";
				CLANG_CXX_LIBRARY = "libc++";
				CLANG_ENABLE_MODULES = YES;
				CLANG_ENABLE_OBJC_ARC = YES;
				CLANG_ENABLE_OBJC_WEAK = YES;
				CLANG_WARN_BLOCK_CAPTURE_AUTORELEASING = YES;
				CLANG_WARN_BOOL_CONVERSION = YES;
				CLANG_WARN_COMMA = YES;
				CLANG_WARN_CONSTANT_CONVERSION = YES;
				CLANG_WARN_DEPRECATED_OBJC_IMPLEMENTATIONS = YES;
				CLANG_WARN_DIRECT_OBJC_ISA_USAGE = YES_ERROR;
				CLANG_WARN_DOCUMENTATION_COMMENTS = YES;
				CLANG_WARN_EMPTY_BODY = YES;
				CLANG_WARN_ENUM_CONVERSION = YES;
				CLANG_WARN_INFINITE_RECURSION = YES;
				CLANG_WARN_INT_CONVERSION = YES;
				CLANG_WARN_NON_LITERAL_NULL_CONVERSION = YES;
				CLANG_WARN_OBJC_IMPLICIT_RETAIN_SELF = YES;
				CLANG_WARN_OBJC_LITERAL_CONVERSION = YES;
				CLANG_WARN_OBJC_ROOT_CLASS = YES_ERROR;
				CLANG_WARN_QUOTED_INCLUDE_IN_FRAMEWORK_HEADER = YES;
				CLANG_WARN_RANGE_LOOP_ANALYSIS = YES;
				CLANG_WARN_STRICT_PROTOTYPES = YES;
				CLANG_WARN_SUSPICIOUS_MOVE = YES;
				CLANG_WARN_UNGUARDED_AVAILABILITY = YES_AGGRESSIVE;
				CLANG_WARN_UNREACHABLE_CODE = YES;
				CLANG_WARN__DUPLICATE_METHOD_MATCH = YES;
				COPY_PHASE_STRIP = NO;
				DEBUG_INFORMATION_FORMAT = dwarf;
				ENABLE_STRICT_OBJC_MSGSEND = YES;
				ENABLE_TESTABILITY = YES;
				GCC_C_LANGUAGE_STANDARD = gnu11;
				GCC_DYNAMIC_NO_PIC = NO;
				GCC_NO_COMMON_BLOCKS = YES;
				GCC_OPTIMIZATION_LEVEL = 0;
				GCC_PREPROCESSOR_DEFINITIONS = (
					"DEBUG=1",
					"$(inherited)",
				);
				GCC_WARN_64_TO_32_BIT_CONVERSION = YES;
				GCC_WARN_ABOUT_RETURN_TYPE = YES_ERROR;
				GCC_WARN_UNDECLARED_SELECTOR = YES;
				GCC_WARN_UNINITIALIZED_AUTOS = YES_AGGRESSIVE;
				GCC_WARN_UNUSED_FUNCTION = YES;
				GCC_WARN_UNUSED_VARIABLE = YES;
				IPHONEOS_DEPLOYMENT_TARGET = 14.5;
				MTL_ENABLE_DEBUG_INFO = INCLUDE_SOURCE;
				MTL_FAST_MATH = YES;
				ONLY_ACTIVE_ARCH = YES;
				SDKROOT = iphoneos;
				SWIFT_ACTIVE_COMPILATION_CONDITIONS = DEBUG;
				SWIFT_OPTIMIZATION_LEVEL = "-Onone";
			};
			name = Debug;
		};
		BDAFEEB6270FAA850000CE8C /* Release */ = {
			isa = XCBuildConfiguration;
			buildSettings = {
				ALWAYS_SEARCH_USER_PATHS = NO;
				CLANG_ANALYZER_NONNULL = YES;
				CLANG_ANALYZER_NUMBER_OBJECT_CONVERSION = YES_AGGRESSIVE;
				CLANG_CXX_LANGUAGE_STANDARD = "gnu++14";
				CLANG_CXX_LIBRARY = "libc++";
				CLANG_ENABLE_MODULES = YES;
				CLANG_ENABLE_OBJC_ARC = YES;
				CLANG_ENABLE_OBJC_WEAK = YES;
				CLANG_WARN_BLOCK_CAPTURE_AUTORELEASING = YES;
				CLANG_WARN_BOOL_CONVERSION = YES;
				CLANG_WARN_COMMA = YES;
				CLANG_WARN_CONSTANT_CONVERSION = YES;
				CLANG_WARN_DEPRECATED_OBJC_IMPLEMENTATIONS = YES;
				CLANG_WARN_DIRECT_OBJC_ISA_USAGE = YES_ERROR;
				CLANG_WARN_DOCUMENTATION_COMMENTS = YES;
				CLANG_WARN_EMPTY_BODY = YES;
				CLANG_WARN_ENUM_CONVERSION = YES;
				CLANG_WARN_INFINITE_RECURSION = YES;
				CLANG_WARN_INT_CONVERSION = YES;
				CLANG_WARN_NON_LITERAL_NULL_CONVERSION = YES;
				CLANG_WARN_OBJC_IMPLICIT_RETAIN_SELF = YES;
				CLANG_WARN_OBJC_LITERAL_CONVERSION = YES;
				CLANG_WARN_OBJC_ROOT_CLASS = YES_ERROR;
				CLANG_WARN_QUOTED_INCLUDE_IN_FRAMEWORK_HEADER = YES;
				CLANG_WARN_RANGE_LOOP_ANALYSIS = YES;
				CLANG_WARN_STRICT_PROTOTYPES = YES;
				CLANG_WARN_SUSPICIOUS_MOVE = YES;
				CLANG_WARN_UNGUARDED_AVAILABILITY = YES_AGGRESSIVE;
				CLANG_WARN_UNREACHABLE_CODE = YES;
				CLANG_WARN__DUPLICATE_METHOD_MATCH = YES;
				COPY_PHASE_STRIP = NO;
				DEBUG_INFORMATION_FORMAT = "dwarf-with-dsym";
				ENABLE_NS_ASSERTIONS = NO;
				ENABLE_STRICT_OBJC_MSGSEND = YES;
				GCC_C_LANGUAGE_STANDARD = gnu11;
				GCC_NO_COMMON_BLOCKS = YES;
				GCC_WARN_64_TO_32_BIT_CONVERSION = YES;
				GCC_WARN_ABOUT_RETURN_TYPE = YES_ERROR;
				GCC_WARN_UNDECLARED_SELECTOR = YES;
				GCC_WARN_UNINITIALIZED_AUTOS = YES_AGGRESSIVE;
				GCC_WARN_UNUSED_FUNCTION = YES;
				GCC_WARN_UNUSED_VARIABLE = YES;
				IPHONEOS_DEPLOYMENT_TARGET = 14.5;
				MTL_ENABLE_DEBUG_INFO = NO;
				MTL_FAST_MATH = YES;
				SDKROOT = iphoneos;
				SWIFT_COMPILATION_MODE = wholemodule;
				SWIFT_OPTIMIZATION_LEVEL = "-O";
				VALIDATE_PRODUCT = YES;
			};
			name = Release;
		};
		BDAFEEB8270FAA850000CE8C /* Debug */ = {
			isa = XCBuildConfiguration;
			buildSettings = {
				ASSETCATALOG_COMPILER_APPICON_NAME = AppIcon;
				ASSETCATALOG_COMPILER_GLOBAL_ACCENT_COLOR_NAME = AccentColor;
				CODE_SIGN_STYLE = Automatic;
				DEVELOPMENT_ASSET_PATHS = "\"AsMeninasDoLago_OrdersOrganizer/Preview Content\"";
				DEVELOPMENT_TEAM = HKSJLM4DRR;
				ENABLE_PREVIEWS = YES;
				INFOPLIST_FILE = AsMeninasDoLago_OrdersOrganizer/Info.plist;
				IPHONEOS_DEPLOYMENT_TARGET = 14.0;
				LD_RUNPATH_SEARCH_PATHS = (
					"$(inherited)",
					"@executable_path/Frameworks",
				);
				PRODUCT_BUNDLE_IDENTIFIER = Aoki.AsMeninasDoLago;
				PRODUCT_NAME = "$(TARGET_NAME)";
				SWIFT_VERSION = 5.0;
				TARGETED_DEVICE_FAMILY = "1,2";
			};
			name = Debug;
		};
		BDAFEEB9270FAA850000CE8C /* Release */ = {
			isa = XCBuildConfiguration;
			buildSettings = {
				ASSETCATALOG_COMPILER_APPICON_NAME = AppIcon;
				ASSETCATALOG_COMPILER_GLOBAL_ACCENT_COLOR_NAME = AccentColor;
				CODE_SIGN_STYLE = Automatic;
				DEVELOPMENT_ASSET_PATHS = "\"AsMeninasDoLago_OrdersOrganizer/Preview Content\"";
				DEVELOPMENT_TEAM = HKSJLM4DRR;
				ENABLE_PREVIEWS = YES;
				INFOPLIST_FILE = AsMeninasDoLago_OrdersOrganizer/Info.plist;
				IPHONEOS_DEPLOYMENT_TARGET = 14.0;
				LD_RUNPATH_SEARCH_PATHS = (
					"$(inherited)",
					"@executable_path/Frameworks",
				);
				PRODUCT_BUNDLE_IDENTIFIER = Aoki.AsMeninasDoLago;
				PRODUCT_NAME = "$(TARGET_NAME)";
				SWIFT_VERSION = 5.0;
				TARGETED_DEVICE_FAMILY = "1,2";
			};
			name = Release;
		};
/* End XCBuildConfiguration section */

/* Begin XCConfigurationList section */
		BDAFEEA3270FAA840000CE8C /* Build configuration list for PBXProject "AsMeninasDoLago_OrdersOrganizer" */ = {
			isa = XCConfigurationList;
			buildConfigurations = (
				BDAFEEB5270FAA850000CE8C /* Debug */,
				BDAFEEB6270FAA850000CE8C /* Release */,
			);
			defaultConfigurationIsVisible = 0;
			defaultConfigurationName = Release;
		};
		BDAFEEB7270FAA850000CE8C /* Build configuration list for PBXNativeTarget "AsMeninasDoLago" */ = {
			isa = XCConfigurationList;
			buildConfigurations = (
				BDAFEEB8270FAA850000CE8C /* Debug */,
				BDAFEEB9270FAA850000CE8C /* Release */,
			);
			defaultConfigurationIsVisible = 0;
			defaultConfigurationName = Release;
		};
/* End XCConfigurationList section */
	};
	rootObject = BDAFEEA0270FAA840000CE8C /* Project object */;
}
